
Microsoft Visual Studio Solution File, Format Version 12.00
# Visual Studio Version 16
VisualStudioVersion = 16.0.31613.86
MinimumVisualStudioVersion = 10.0.40219.1
Project("{6989167D-11E4-40FE-8C1A-2192A86A7E90}") = "MoorDynDriver", "MoorDynDriver.vfproj", "{815C302F-A93D-4C22-9329-717B085113C0}"
EndProject
Global
	GlobalSection(SolutionConfigurationPlatforms) = preSolution
		Debug|x64 = Debug|x64
		Debug|x86 = Debug|x86
		Release|x64 = Release|x64
		Release|x86 = Release|x86
	EndGlobalSection
	GlobalSection(ProjectConfigurationPlatforms) = postSolution
		{815C302F-A93D-4C22-9329-717B085113C0}.Debug|x64.ActiveCfg = Debug|x64
		{815C302F-A93D-4C22-9329-717B085113C0}.Debug|x64.Build.0 = Debug|x64
		{815C302F-A93D-4C22-9329-717B085113C0}.Debug|x86.ActiveCfg = Debug|Win32
		{815C302F-A93D-4C22-9329-717B085113C0}.Debug|x86.Build.0 = Debug|Win32
		{815C302F-A93D-4C22-9329-717B085113C0}.Release|x64.ActiveCfg = Release|x64
		{815C302F-A93D-4C22-9329-717B085113C0}.Release|x64.Build.0 = Release|x64
		{815C302F-A93D-4C22-9329-717B085113C0}.Release|x86.ActiveCfg = Release|Win32
		{815C302F-A93D-4C22-9329-717B085113C0}.Release|x86.Build.0 = Release|Win32
	EndGlobalSection
	GlobalSection(SolutionProperties) = preSolution
		HideSolutionNode = FALSE
	EndGlobalSection
	GlobalSection(ExtensibilityGlobals) = postSolution
		SolutionGuid = {8141B2B8-9857-455F-978C-8B086DDB3E6A}
	EndGlobalSection
EndGlobal
