<?xml version="1.0" encoding="utf-8"?>
<Project ToolsVersion="4.0" xmlns="http://schemas.microsoft.com/developer/msbuild/2003">
  <ItemGroup>
    <Filter Include="Source Files">
      <UniqueIdentifier>{4FC737F1-C7A5-4376-A066-2A32D752A2FF}</UniqueIdentifier>
      <Extensions>cpp;c;cc;cxx;def;odl;idl;hpj;bat;asm;asmx</Extensions>
    </Filter>
    <Filter Include="Header Files">
      <UniqueIdentifier>{93995380-89BD-4b04-88EB-625FBE52EBFB}</UniqueIdentifier>
      <Extensions>h;hh;hpp;hxx;hm;inl;inc;xsd</Extensions>
    </Filter>
    <Filter Include="Resource Files">
      <UniqueIdentifier>{67DA6AB6-F800-4c08-8B7A-83BB121AAD01}</UniqueIdentifier>
      <Extensions>rc;ico;cur;bmp;dlg;rc2;rct;bin;rgs;gif;jpg;jpeg;jpe;resx;tiff;tif;png;wav;mfcribbon-ms</Extensions>
    </Filter>
    <Filter Include="Header Files\bstring">
      <UniqueIdentifier>{3d511ea8-0e87-4120-b931-1afa8cd4eb83}</UniqueIdentifier>
    </Filter>
    <Filter Include="Header Files\cminpack">
      <UniqueIdentifier>{05add88c-293f-42eb-85fe-8d7ea1bbac35}</UniqueIdentifier>
    </Filter>
    <Filter Include="Header Files\lapack">
      <UniqueIdentifier>{adad9799-b1e2-438f-9f3e-ea5338d520f5}</UniqueIdentifier>
    </Filter>
    <Filter Include="Header Files\simclist">
      <UniqueIdentifier>{9ca004ca-8b6a-42b2-b590-d7e1f77008ca}</UniqueIdentifier>
    </Filter>
    <Filter Include="Source Files\bstring">
      <UniqueIdentifier>{9d9de1f0-26a7-4e93-bc8b-5ad9f1d398b3}</UniqueIdentifier>
    </Filter>
    <Filter Include="Source Files\cminpack">
      <UniqueIdentifier>{f21e7be5-2a6e-4ff7-b86c-700d03388cbb}</UniqueIdentifier>
    </Filter>
    <Filter Include="Source Files\simclist">
      <UniqueIdentifier>{2e710e72-76aa-45f9-88bd-dcccaaebc13c}</UniqueIdentifier>
    </Filter>
  </ItemGroup>
  <ItemGroup>
    <ClCompile Include="..\..\src\residual.c">
      <Filter>Source Files</Filter>
    </ClCompile>
    <ClCompile Include="..\..\src\freedata.c">
      <Filter>Source Files</Filter>
    </ClCompile>
    <ClCompile Include="..\..\src\jacobian.c">
      <Filter>Source Files</Filter>
    </ClCompile>
    <ClCompile Include="..\..\src\lineroutines.c">
      <Filter>Source Files</Filter>
    </ClCompile>
    <ClCompile Include="..\..\src\mapapi.c">
      <Filter>Source Files</Filter>
    </ClCompile>
    <ClCompile Include="..\..\src\maperror.c">
      <Filter>Source Files</Filter>
    </ClCompile>
    <ClCompile Include="..\..\src\mapinit.c">
      <Filter>Source Files</Filter>
    </ClCompile>
    <ClCompile Include="..\..\src\numeric.c">
      <Filter>Source Files</Filter>
    </ClCompile>
    <ClCompile Include="..\..\src\outputstream.c">
      <Filter>Source Files</Filter>
    </ClCompile>
    <ClCompile Include="..\..\src\lmroutines.cc">
      <Filter>Source Files</Filter>
    </ClCompile>
    <ClCompile Include="..\..\src\bstring\bstrlib.c">
      <Filter>Source Files\bstring</Filter>
    </ClCompile>
    <ClCompile Include="..\..\src\bstring\bstraux.c">
      <Filter>Source Files\bstring</Filter>
    </ClCompile>
    <ClCompile Include="..\..\src\cminpack\qrsolv.c">
      <Filter>Source Files\cminpack</Filter>
    </ClCompile>
    <ClCompile Include="..\..\src\cminpack\dpmpar.c">
      <Filter>Source Files\cminpack</Filter>
    </ClCompile>
    <ClCompile Include="..\..\src\cminpack\enorm.c">
      <Filter>Source Files\cminpack</Filter>
    </ClCompile>
    <ClCompile Include="..\..\src\cminpack\enorm_u.c">
      <Filter>Source Files\cminpack</Filter>
    </ClCompile>
    <ClCompile Include="..\..\src\cminpack\lmder.c">
      <Filter>Source Files\cminpack</Filter>
    </ClCompile>
    <ClCompile Include="..\..\src\cminpack\lmpar.c">
      <Filter>Source Files\cminpack</Filter>
    </ClCompile>
    <ClCompile Include="..\..\src\cminpack\qrfac.c">
      <Filter>Source Files\cminpack</Filter>
    </ClCompile>
    <ClCompile Include="..\..\src\simclist\simclist.c">
      <Filter>Source Files\simclist</Filter>
    </ClCompile>
  </ItemGroup>
  <ItemGroup>
    <ClInclude Include="..\..\src\residual.h">
      <Filter>Header Files</Filter>
    </ClInclude>
    <ClInclude Include="..\..\src\freedata.h">
      <Filter>Header Files</Filter>
    </ClInclude>
    <ClInclude Include="..\..\src\jacobian.h">
      <Filter>Header Files</Filter>
    </ClInclude>
    <ClInclude Include="..\..\src\lineroutines.h">
      <Filter>Header Files</Filter>
    </ClInclude>
    <ClInclude Include="..\..\src\lmroutines.hpp">
      <Filter>Header Files</Filter>
    </ClInclude>
    <ClInclude Include="..\..\src\map.h">
      <Filter>Header Files</Filter>
    </ClInclude>
    <ClInclude Include="..\..\src\MAP_Types.h">
      <Filter>Header Files</Filter>
    </ClInclude>
    <ClInclude Include="..\..\src\mapapi.h">
      <Filter>Header Files</Filter>
    </ClInclude>
    <ClInclude Include="..\..\src\maperror.h">
      <Filter>Header Files</Filter>
    </ClInclude>
    <ClInclude Include="..\..\src\mapinit.h">
      <Filter>Header Files</Filter>
    </ClInclude>
    <ClInclude Include="..\..\src\mapsys.h">
      <Filter>Header Files</Filter>
    </ClInclude>
    <ClInclude Include="..\..\src\numeric.h">
      <Filter>Header Files</Filter>
    </ClInclude>
    <ClInclude Include="..\..\src\outputstream.h">
      <Filter>Header Files</Filter>
    </ClInclude>
    <ClInclude Include="..\..\src\bstring\bstrlib.h">
      <Filter>Header Files\bstring</Filter>
    </ClInclude>
    <ClInclude Include="..\..\src\bstring\bstraux.h">
      <Filter>Header Files\bstring</Filter>
    </ClInclude>
    <ClInclude Include="..\..\src\cminpack\cminpack.h">
      <Filter>Header Files\cminpack</Filter>
    </ClInclude>
    <ClInclude Include="..\..\src\cminpack\cminpackP.h">
      <Filter>Header Files\cminpack</Filter>
    </ClInclude>
    <ClInclude Include="..\..\src\cminpack\minpack.h">
      <Filter>Header Files\cminpack</Filter>
    </ClInclude>
    <ClInclude Include="..\..\src\lapack\lapacke_mangling.h">
      <Filter>Header Files\lapack</Filter>
    </ClInclude>
    <ClInclude Include="..\..\src\lapack\lapacke.h">
      <Filter>Header Files\lapack</Filter>
    </ClInclude>
    <ClInclude Include="..\..\src\simclist\simclist.h">
      <Filter>Header Files\simclist</Filter>
    </ClInclude>
  </ItemGroup>
</Project>