
Microsoft Visual Studio Solution File, Format Version 12.00
# Visual Studio 15
VisualStudioVersion = 15.0.27428.2043
MinimumVisualStudioVersion = 10.0.40219.1
Project("{8BC9CEB8-8B4A-11D0-8D11-00A0C91BC942}") = "FAST_Registry", "FAST_Registry.vcxproj", "{DA16A3A6-3297-4628-9E46-C6FA0E3C4D16}"
EndProject
Global
	GlobalSection(SolutionConfigurationPlatforms) = preSolution
		Debug|Win32 = Debug|Win32
		Release|Win32 = Release|Win32
	EndGlobalSection
	GlobalSection(ProjectConfigurationPlatforms) = postSolution
		{DA16A3A6-3297-4628-9E46-C6FA0E3C4D16}.Debug|Win32.ActiveCfg = Debug|Win32
		{DA16A3A6-3297-4628-9E46-C6FA0E3C4D16}.Debug|Win32.Build.0 = Debug|Win32
		{DA16A3A6-3297-4628-9E46-C6FA0E3C4D16}.Release|Win32.ActiveCfg = Release|Win32
		{DA16A3A6-3297-4628-9E46-C6FA0E3C4D16}.Release|Win32.Build.0 = Release|Win32
	EndGlobalSection
	GlobalSection(SolutionProperties) = preSolution
		HideSolutionNode = FALSE
	EndGlobalSection
	GlobalSection(ExtensibilityGlobals) = postSolution
		SolutionGuid = {E46DCC9C-7BC9-40BA-8EF9-BDE0CD4C584B}
	EndGlobalSection
EndGlobal
